# Generated by pub
# See http://pub.dartlang.org/doc/glossary.html#lockfile
packages:
  args:
    description: args
    source: hosted
    version: "0.13.2"
  logging:
    description: logging
    source: hosted
    version: "0.11.1"
  path:
    description: path
    source: hosted
    version: "1.3.6"
